// !$*UTF8*$!
{
	archiveVersion = 1;
	classes = {
	};
	objectVersion = 46;
	objects = {

/* Begin PBXBuildFile section */
		332212001AA74CF800772E59 /* libboost_program_options.dylib in Frameworks */ = {isa = PBXBuildFile; fileRef = 332211FF1AA74CF800772E59 /* libboost_program_options.dylib */; };
		33A99ADB1AA6FA6000254579 /* main.cpp in Sources */ = {isa = PBXBuildFile; fileRef = 33A99ADA1AA6FA6000254579 /* main.cpp */; };
		33A99AE21AA6FA9800254579 /* OpenGL.framework in Frameworks */ = {isa = PBXBuildFile; fileRef = 33A99AE11AA6FA9800254579 /* OpenGL.framework */; };
		33A99AE41AA6FA9D00254579 /* GLUT.framework in Frameworks */ = {isa = PBXBuildFile; fileRef = 33A99AE31AA6FA9D00254579 /* GLUT.framework */; };
		33A99AEC1AA6FAEB00254579 /* libopencv_core.3.0.0.dylib in Frameworks */ = {isa = PBXBuildFile; fileRef = 33A99AE51AA6FAEB00254579 /* libopencv_core.3.0.0.dylib */; };
		33A99AED1AA6FAEB00254579 /* libopencv_features2d.3.0.0.dylib in Frameworks */ = {isa = PBXBuildFile; fileRef = 33A99AE61AA6FAEB00254579 /* libopencv_features2d.3.0.0.dylib */; };
		33A99AEE1AA6FAEB00254579 /* libopencv_highgui.3.0.0.dylib in Frameworks */ = {isa = PBXBuildFile; fileRef = 33A99AE71AA6FAEB00254579 /* libopencv_highgui.3.0.0.dylib */; };
		33A99AEF1AA6FAEB00254579 /* libopencv_imgcodecs.3.0.0.dylib in Frameworks */ = {isa = PBXBuildFile; fileRef = 33A99AE81AA6FAEB00254579 /* libopencv_imgcodecs.3.0.0.dylib */; };
		33A99AF01AA6FAEB00254579 /* libopencv_imgproc.3.0.0.dylib in Frameworks */ = {isa = PBXBuildFile; fileRef = 33A99AE91AA6FAEB00254579 /* libopencv_imgproc.3.0.0.dylib */; };
		33A99AF11AA6FAEB00254579 /* libopencv_objdetect.3.0.0.dylib in Frameworks */ = {isa = PBXBuildFile; fileRef = 33A99AEA1AA6FAEB00254579 /* libopencv_objdetect.3.0.0.dylib */; };
		33A99AF21AA6FAEB00254579 /* libopencv_videoio.3.0.0.dylib in Frameworks */ = {isa = PBXBuildFile; fileRef = 33A99AEB1AA6FAEB00254579 /* libopencv_videoio.3.0.0.dylib */; };
		33C08E3F1AA6FF590048A738 /* Utilities.cpp in Sources */ = {isa = PBXBuildFile; fileRef = 33C08E3D1AA6FF590048A738 /* Utilities.cpp */; };
/* End PBXBuildFile section */

/* Begin PBXCopyFilesBuildPhase section */
		33A99AD51AA6FA6000254579 /* CopyFiles */ = {
			isa = PBXCopyFilesBuildPhase;
			buildActionMask = 2147483647;
			dstPath = /usr/share/man/man1/;
			dstSubfolderSpec = 0;
			files = (
			);
			runOnlyForDeploymentPostprocessing = 1;
		};
/* End PBXCopyFilesBuildPhase section */

/* Begin PBXFileReference section */
		332211FF1AA74CF800772E59 /* libboost_program_options.dylib */ = {isa = PBXFileReference; lastKnownFileType = "compiled.mach-o.dylib"; name = libboost_program_options.dylib; path = /usr/local/Cellar/boost/1.56.0/lib/libboost_program_options.dylib; sourceTree = "<absolute>"; };
		33A99AD71AA6FA6000254579 /* PatchExtractionTool */ = {isa = PBXFileReference; explicitFileType = "compiled.mach-o.executable"; includeInIndex = 0; path = PatchExtractionTool; sourceTree = BUILT_PRODUCTS_DIR; };
		33A99ADA1AA6FA6000254579 /* main.cpp */ = {isa = PBXFileReference; lastKnownFileType = sourcecode.cpp.cpp; path = main.cpp; sourceTree = "<group>"; };
		33A99AE11AA6FA9800254579 /* OpenGL.framework */ = {isa = PBXFileReference; lastKnownFileType = wrapper.framework; name = OpenGL.framework; path = System/Library/Frameworks/OpenGL.framework; sourceTree = SDKROOT; };
		33A99AE31AA6FA9D00254579 /* GLUT.framework */ = {isa = PBXFileReference; lastKnownFileType = wrapper.framework; name = GLUT.framework; path = System/Library/Frameworks/GLUT.framework; sourceTree = SDKROOT; };
		33A99AE51AA6FAEB00254579 /* libopencv_core.3.0.0.dylib */ = {isa = PBXFileReference; lastKnownFileType = "compiled.mach-o.dylib"; name = libopencv_core.3.0.0.dylib; path = /usr/local/lib/libopencv_core.3.0.0.dylib; sourceTree = "<absolute>"; };
		33A99AE61AA6FAEB00254579 /* libopencv_features2d.3.0.0.dylib */ = {isa = PBXFileReference; lastKnownFileType = "compiled.mach-o.dylib"; name = libopencv_features2d.3.0.0.dylib; path = /usr/local/lib/libopencv_features2d.3.0.0.dylib; sourceTree = "<absolute>"; };
		33A99AE71AA6FAEB00254579 /* libopencv_highgui.3.0.0.dylib */ = {isa = PBXFileReference; lastKnownFileType = "compiled.mach-o.dylib"; name = libopencv_highgui.3.0.0.dylib; path = /usr/local/lib/libopencv_highgui.3.0.0.dylib; sourceTree = "<absolute>"; };
		33A99AE81AA6FAEB00254579 /* libopencv_imgcodecs.3.0.0.dylib */ = {isa = PBXFileReference; lastKnownFileType = "compiled.mach-o.dylib"; name = libopencv_imgcodecs.3.0.0.dylib; path = /usr/local/lib/libopencv_imgcodecs.3.0.0.dylib; sourceTree = "<absolute>"; };
		33A99AE91AA6FAEB00254579 /* libopencv_imgproc.3.0.0.dylib */ = {isa = PBXFileReference; lastKnownFileType = "compiled.mach-o.dylib"; name = libopencv_imgproc.3.0.0.dylib; path = /usr/local/lib/libopencv_imgproc.3.0.0.dylib; sourceTree = "<absolute>"; };
		33A99AEA1AA6FAEB00254579 /* libopencv_objdetect.3.0.0.dylib */ = {isa = PBXFileReference; lastKnownFileType = "compiled.mach-o.dylib"; name = libopencv_objdetect.3.0.0.dylib; path = /usr/local/lib/libopencv_objdetect.3.0.0.dylib; sourceTree = "<absolute>"; };
		33A99AEB1AA6FAEB00254579 /* libopencv_videoio.3.0.0.dylib */ = {isa = PBXFileReference; lastKnownFileType = "compiled.mach-o.dylib"; name = libopencv_videoio.3.0.0.dylib; path = /usr/local/lib/libopencv_videoio.3.0.0.dylib; sourceTree = "<absolute>"; };
		33C08E3D1AA6FF590048A738 /* Utilities.cpp */ = {isa = PBXFileReference; fileEncoding = 4; lastKnownFileType = sourcecode.cpp.cpp; path = Utilities.cpp; sourceTree = "<group>"; };
		33C08E3E1AA6FF590048A738 /* Utilities.h */ = {isa = PBXFileReference; fileEncoding = 4; lastKnownFileType = sourcecode.c.h; path = Utilities.h; sourceTree = "<group>"; };
/* End PBXFileReference section */

/* Begin PBXFrameworksBuildPhase section */
		33A99AD41AA6FA6000254579 /* Frameworks */ = {
			isa = PBXFrameworksBuildPhase;
			buildActionMask = 2147483647;
			files = (
				33A99AE21AA6FA9800254579 /* OpenGL.framework in Frameworks */,
				33A99AE41AA6FA9D00254579 /* GLUT.framework in Frameworks */,
				33A99AEC1AA6FAEB00254579 /* libopencv_core.3.0.0.dylib in Frameworks */,
				33A99AED1AA6FAEB00254579 /* libopencv_features2d.3.0.0.dylib in Frameworks */,
				33A99AEE1AA6FAEB00254579 /* libopencv_highgui.3.0.0.dylib in Frameworks */,
				33A99AEF1AA6FAEB00254579 /* libopencv_imgcodecs.3.0.0.dylib in Frameworks */,
				33A99AF01AA6FAEB00254579 /* libopencv_imgproc.3.0.0.dylib in Frameworks */,
				33A99AF11AA6FAEB00254579 /* libopencv_objdetect.3.0.0.dylib in Frameworks */,
				33A99AF21AA6FAEB00254579 /* libopencv_videoio.3.0.0.dylib in Frameworks */,
				332212001AA74CF800772E59 /* libboost_program_options.dylib in Frameworks */,
			);
			runOnlyForDeploymentPostprocessing = 0;
		};
/* End PBXFrameworksBuildPhase section */

/* Begin PBXGroup section */
		332212011AA74D0A00772E59 /* boost-1.56.0 */ = {
			isa = PBXGroup;
			children = (
				332211FF1AA74CF800772E59 /* libboost_program_options.dylib */,
			);
			name = "boost-1.56.0";
			sourceTree = "<group>";
		};
		33A99ACE1AA6FA6000254579 = {
			isa = PBXGroup;
			children = (
				33A99AF31AA6FAF600254579 /* opencv-3.0.0 */,
				332212011AA74D0A00772E59 /* boost-1.56.0 */,
				33A99AE31AA6FA9D00254579 /* GLUT.framework */,
				33A99AE11AA6FA9800254579 /* OpenGL.framework */,
				33A99AD91AA6FA6000254579 /* PatchExtractionTool */,
				33A99AD81AA6FA6000254579 /* Products */,
			);
			sourceTree = "<group>";
		};
		33A99AD81AA6FA6000254579 /* Products */ = {
			isa = PBXGroup;
			children = (
				33A99AD71AA6FA6000254579 /* PatchExtractionTool */,
			);
			name = Products;
			sourceTree = "<group>";
		};
		33A99AD91AA6FA6000254579 /* PatchExtractionTool */ = {
			isa = PBXGroup;
			children = (
				33C08E3D1AA6FF590048A738 /* Utilities.cpp */,
				33C08E3E1AA6FF590048A738 /* Utilities.h */,
				33A99ADA1AA6FA6000254579 /* main.cpp */,
			);
			path = PatchExtractionTool;
			sourceTree = "<group>";
		};
		33A99AF31AA6FAF600254579 /* opencv-3.0.0 */ = {
			isa = PBXGroup;
			children = (
				33A99AE51AA6FAEB00254579 /* libopencv_core.3.0.0.dylib */,
				33A99AE61AA6FAEB00254579 /* libopencv_features2d.3.0.0.dylib */,
				33A99AE71AA6FAEB00254579 /* libopencv_highgui.3.0.0.dylib */,
				33A99AE81AA6FAEB00254579 /* libopencv_imgcodecs.3.0.0.dylib */,
				33A99AE91AA6FAEB00254579 /* libopencv_imgproc.3.0.0.dylib */,
				33A99AEA1AA6FAEB00254579 /* libopencv_objdetect.3.0.0.dylib */,
				33A99AEB1AA6FAEB00254579 /* libopencv_videoio.3.0.0.dylib */,
			);
			name = "opencv-3.0.0";
			sourceTree = "<group>";
		};
/* End PBXGroup section */

/* Begin PBXNativeTarget section */
		33A99AD61AA6FA6000254579 /* PatchExtractionTool */ = {
			isa = PBXNativeTarget;
			buildConfigurationList = 33A99ADE1AA6FA6000254579 /* Build configuration list for PBXNativeTarget "PatchExtractionTool" */;
			buildPhases = (
				33A99AD31AA6FA6000254579 /* Sources */,
				33A99AD41AA6FA6000254579 /* Frameworks */,
				33A99AD51AA6FA6000254579 /* CopyFiles */,
			);
			buildRules = (
			);
			dependencies = (
			);
			name = PatchExtractionTool;
			productName = PatchExtractionTool;
			productReference = 33A99AD71AA6FA6000254579 /* PatchExtractionTool */;
			productType = "com.apple.product-type.tool";
		};
/* End PBXNativeTarget section */

/* Begin PBXProject section */
		33A99ACF1AA6FA6000254579 /* Project object */ = {
			isa = PBXProject;
			attributes = {
				LastUpgradeCheck = 0610;
				ORGANIZATIONNAME = TUDelft;
				TargetAttributes = {
					33A99AD61AA6FA6000254579 = {
						CreatedOnToolsVersion = 6.1.1;
					};
				};
			};
			buildConfigurationList = 33A99AD21AA6FA6000254579 /* Build configuration list for PBXProject "PatchExtractionTool" */;
			compatibilityVersion = "Xcode 3.2";
			developmentRegion = English;
			hasScannedForEncodings = 0;
			knownRegions = (
				en,
			);
			mainGroup = 33A99ACE1AA6FA6000254579;
			productRefGroup = 33A99AD81AA6FA6000254579 /* Products */;
			projectDirPath = "";
			projectRoot = "";
			targets = (
				33A99AD61AA6FA6000254579 /* PatchExtractionTool */,
			);
		};
/* End PBXProject section */

/* Begin PBXSourcesBuildPhase section */
		33A99AD31AA6FA6000254579 /* Sources */ = {
			isa = PBXSourcesBuildPhase;
			buildActionMask = 2147483647;
			files = (
				33C08E3F1AA6FF590048A738 /* Utilities.cpp in Sources */,
				33A99ADB1AA6FA6000254579 /* main.cpp in Sources */,
			);
			runOnlyForDeploymentPostprocessing = 0;
		};
/* End PBXSourcesBuildPhase section */

/* Begin XCBuildConfiguration section */
		33A99ADC1AA6FA6000254579 /* Debug */ = {
			isa = XCBuildConfiguration;
			buildSettings = {
				ALWAYS_SEARCH_USER_PATHS = NO;
				CLANG_CXX_LANGUAGE_STANDARD = "gnu++0x";
				CLANG_CXX_LIBRARY = "libc++";
				CLANG_ENABLE_MODULES = YES;
				CLANG_ENABLE_OBJC_ARC = YES;
				CLANG_WARN_BOOL_CONVERSION = YES;
				CLANG_WARN_CONSTANT_CONVERSION = YES;
				CLANG_WARN_DIRECT_OBJC_ISA_USAGE = YES_ERROR;
				CLANG_WARN_EMPTY_BODY = YES;
				CLANG_WARN_ENUM_CONVERSION = YES;
				CLANG_WARN_INT_CONVERSION = YES;
				CLANG_WARN_OBJC_ROOT_CLASS = YES_ERROR;
				CLANG_WARN_UNREACHABLE_CODE = YES;
				CLANG_WARN__DUPLICATE_METHOD_MATCH = YES;
				COPY_PHASE_STRIP = NO;
				ENABLE_STRICT_OBJC_MSGSEND = YES;
				GCC_C_LANGUAGE_STANDARD = gnu99;
				GCC_DYNAMIC_NO_PIC = NO;
				GCC_OPTIMIZATION_LEVEL = 0;
				GCC_PREPROCESSOR_DEFINITIONS = (
					"DEBUG=1",
					"$(inherited)",
				);
				GCC_SYMBOLS_PRIVATE_EXTERN = NO;
				GCC_WARN_64_TO_32_BIT_CONVERSION = YES;
				GCC_WARN_ABOUT_RETURN_TYPE = YES_ERROR;
				GCC_WARN_UNDECLARED_SELECTOR = YES;
				GCC_WARN_UNINITIALIZED_AUTOS = YES_AGGRESSIVE;
				GCC_WARN_UNUSED_FUNCTION = YES;
				GCC_WARN_UNUSED_VARIABLE = YES;
				MACOSX_DEPLOYMENT_TARGET = 10.9;
				MTL_ENABLE_DEBUG_INFO = YES;
				ONLY_ACTIVE_ARCH = YES;
				SDKROOT = macosx;
			};
			name = Debug;
		};
		33A99ADD1AA6FA6000254579 /* Release */ = {
			isa = XCBuildConfiguration;
			buildSettings = {
				ALWAYS_SEARCH_USER_PATHS = NO;
				CLANG_CXX_LANGUAGE_STANDARD = "gnu++0x";
				CLANG_CXX_LIBRARY = "libc++";
				CLANG_ENABLE_MODULES = YES;
				CLANG_ENABLE_OBJC_ARC = YES;
				CLANG_WARN_BOOL_CONVERSION = YES;
				CLANG_WARN_CONSTANT_CONVERSION = YES;
				CLANG_WARN_DIRECT_OBJC_ISA_USAGE = YES_ERROR;
				CLANG_WARN_EMPTY_BODY = YES;
				CLANG_WARN_ENUM_CONVERSION = YES;
				CLANG_WARN_INT_CONVERSION = YES;
				CLANG_WARN_OBJC_ROOT_CLASS = YES_ERROR;
				CLANG_WARN_UNREACHABLE_CODE = YES;
				CLANG_WARN__DUPLICATE_METHOD_MATCH = YES;
				COPY_PHASE_STRIP = YES;
				DEBUG_INFORMATION_FORMAT = "dwarf-with-dsym";
				ENABLE_NS_ASSERTIONS = NO;
				ENABLE_STRICT_OBJC_MSGSEND = YES;
				GCC_C_LANGUAGE_STANDARD = gnu99;
				GCC_WARN_64_TO_32_BIT_CONVERSION = YES;
				GCC_WARN_ABOUT_RETURN_TYPE = YES_ERROR;
				GCC_WARN_UNDECLARED_SELECTOR = YES;
				GCC_WARN_UNINITIALIZED_AUTOS = YES_AGGRESSIVE;
				GCC_WARN_UNUSED_FUNCTION = YES;
				GCC_WARN_UNUSED_VARIABLE = YES;
				MACOSX_DEPLOYMENT_TARGET = 10.9;
				MTL_ENABLE_DEBUG_INFO = NO;
				SDKROOT = macosx;
			};
			name = Release;
		};
		33A99ADF1AA6FA6000254579 /* Debug */ = {
			isa = XCBuildConfiguration;
			buildSettings = {
				CLANG_CXX_LANGUAGE_STANDARD = "gnu++0x";
				CLANG_CXX_LIBRARY = "libc++";
				HEADER_SEARCH_PATHS = (
					"$(inherited)",
					/Applications/Xcode.app/Contents/Developer/Toolchains/XcodeDefault.xctoolchain/usr/include,
					/usr/local/include,
					/usr/local/Cellar/boost/1.56.0/include,
				);
				LIBRARY_SEARCH_PATHS = (
					"/usr/local/lib/**",
					/usr/local/Cellar/boost/1.56.0/lib,
				);
				PRODUCT_NAME = "$(TARGET_NAME)";
				SDKROOT = macosx;
			};
			name = Debug;
		};
		33A99AE01AA6FA6000254579 /* Release */ = {
			isa = XCBuildConfiguration;
			buildSettings = {
				CLANG_CXX_LANGUAGE_STANDARD = "gnu++0x";
				CLANG_CXX_LIBRARY = "libc++";
				HEADER_SEARCH_PATHS = (
					"$(inherited)",
					/Applications/Xcode.app/Contents/Developer/Toolchains/XcodeDefault.xctoolchain/usr/include,
					/usr/local/include,
					/usr/local/Cellar/boost/1.56.0/include,
				);
				LIBRARY_SEARCH_PATHS = (
					"/usr/local/lib/**",
					/usr/local/Cellar/boost/1.56.0/lib,
				);
				PRODUCT_NAME = "$(TARGET_NAME)";
				SDKROOT = macosx;
			};
			name = Release;
		};
/* End XCBuildConfiguration section */

/* Begin XCConfigurationList section */
		33A99AD21AA6FA6000254579 /* Build configuration list for PBXProject "PatchExtractionTool" */ = {
			isa = XCConfigurationList;
			buildConfigurations = (
				33A99ADC1AA6FA6000254579 /* Debug */,
				33A99ADD1AA6FA6000254579 /* Release */,
			);
			defaultConfigurationIsVisible = 0;
			defaultConfigurationName = Release;
		};
		33A99ADE1AA6FA6000254579 /* Build configuration list for PBXNativeTarget "PatchExtractionTool" */ = {
			isa = XCConfigurationList;
			buildConfigurations = (
				33A99ADF1AA6FA6000254579 /* Debug */,
				33A99AE01AA6FA6000254579 /* Release */,
			);
			defaultConfigurationIsVisible = 0;
			defaultConfigurationName = Release;
		};
/* End XCConfigurationList section */
	};
	rootObject = 33A99ACF1AA6FA6000254579 /* Project object */;
}
